<?xml version="1.0" encoding="utf-8"?>
<Project ToolsVersion="4.0" xmlns="http://schemas.microsoft.com/developer/msbuild/2003">
  <ItemGroup>
    <Filter Include="Source Files">
      <UniqueIdentifier>{4FC737F1-C7A5-4376-A066-2A32D752A2FF}</UniqueIdentifier>
      <Extensions>cpp;c;cc;cxx;c++;cppm;ixx;def;odl;idl;hpj;bat;asm;asmx</Extensions>
    </Filter>
    <Filter Include="Header Files">
      <UniqueIdentifier>{93995380-89BD-4b04-88EB-625FBE52EBFB}</UniqueIdentifier>
      <Extensions>h;hh;hpp;hxx;h++;hm;inl;inc;ipp;xsd</Extensions>
    </Filter>
    <Filter Include="Resource Files">
      <UniqueIdentifier>{67DA6AB6-F800-4c08-8B7A-83BB121AAD01}</UniqueIdentifier>
      <Extensions>rc;ico;cur;bmp;dlg;rc2;rct;bin;rgs;gif;jpg;jpeg;jpe;resx;tiff;tif;png;wav;mfcribbon-ms</Extensions>
    </Filter>
    <Filter Include="Header Files\imGUI">
      <UniqueIdentifier>{5dfbee7a-7d91-429e-8f07-187e62765877}</UniqueIdentifier>
    </Filter>
    <Filter Include="Source Files\imGUI">
      <UniqueIdentifier>{aa32d53b-8734-4b25-aba8-30b9b42d0be7}</UniqueIdentifier>
    </Filter>
  </ItemGroup>
  <ItemGroup>
    <ClCompile Include="src\source\main.cpp">
      <Filter>Source Files</Filter>
    </ClCompile>
    <ClCompile Include="src\source\Engine Core\Window.cpp">
      <Filter>Source Files</Filter>
    </ClCompile>
    <ClCompile Include="src\source\Engine Core\Camera.cpp">
      <Filter>Source Files</Filter>
    </ClCompile>
    <ClCompile Include="src\source\Application\Application.cpp">
      <Filter>Source Files</Filter>
    </ClCompile>
    <ClCompile Include="src\source\Engine Core\Mesh\Mesh.cpp">
      <Filter>Source Files</Filter>
    </ClCompile>
    <ClCompile Include="src\source\Engine Core\Mesh\Model.cpp">
      <Filter>Source Files</Filter>
    </ClCompile>
    <ClCompile Include="src\source\Engine Core\Mesh\Geometry\Cube.cpp">
      <Filter>Source Files</Filter>
    </ClCompile>
    <ClCompile Include="src\source\Engine Core\Mesh\Geometry\Icosphere.cpp">
      <Filter>Source Files</Filter>
    </ClCompile>
    <ClCompile Include="src\source\Engine Core\Mesh\Geometry\UVSphere.cpp">
      <Filter>Source Files</Filter>
    </ClCompile>
    <ClCompile Include="src\source\Engine Core\Mesh\Geometry\Line.cpp">
      <Filter>Source Files</Filter>
    </ClCompile>
    <ClCompile Include="src\source\Engine Core\Texture.cpp">
      <Filter>Source Files</Filter>
    </ClCompile>
    <ClCompile Include="src\source\Engine Core\Shader.cpp">
      <Filter>Source Files</Filter>
    </ClCompile>
    <ClCompile Include="src\source\Engine Core\Mesh\Terrain\Terrain.cpp">
      <Filter>Source Files</Filter>
    </ClCompile>
    <ClCompile Include="src\source\Engine Core\Mesh\Terrain\PerlinNoise.cpp">
      <Filter>Source Files</Filter>
    </ClCompile>
    <ClCompile Include="src\source\Engine Core\Entity\ECS.cpp">
      <Filter>Source Files</Filter>
    </ClCompile>
    <ClCompile Include="src\source\Engine Core\Mesh\Geometry\Quad.cpp">
      <Filter>Source Files</Filter>
    </ClCompile>
    <ClCompile Include="src\source\Engine Core\Overlay.cpp">
      <Filter>Source Files</Filter>
    </ClCompile>
    <ClCompile Include="External Libs\imGUI\imgui.cpp">
      <Filter>Source Files\imGUI</Filter>
    </ClCompile>
    <ClCompile Include="External Libs\imGUI\imgui_demo.cpp">
      <Filter>Source Files\imGUI</Filter>
    </ClCompile>
    <ClCompile Include="External Libs\imGUI\imgui_draw.cpp">
      <Filter>Source Files\imGUI</Filter>
    </ClCompile>
    <ClCompile Include="External Libs\imGUI\imgui_impl_glfw.cpp">
      <Filter>Source Files\imGUI</Filter>
    </ClCompile>
    <ClCompile Include="External Libs\imGUI\imgui_impl_opengl3.cpp">
      <Filter>Source Files\imGUI</Filter>
    </ClCompile>
    <ClCompile Include="External Libs\imGUI\imgui_tables.cpp">
      <Filter>Source Files\imGUI</Filter>
    </ClCompile>
    <ClCompile Include="External Libs\imGUI\imgui_widgets.cpp">
      <Filter>Source Files\imGUI</Filter>
    </ClCompile>
    <ClCompile Include="External Libs\imGUI\ImGuizmo.cpp">
      <Filter>Source Files\imGUI</Filter>
    </ClCompile>
    <ClCompile Include="External Libs\imGUI\ImSequencer.cpp">
      <Filter>Source Files\imGUI</Filter>
    </ClCompile>
    <ClCompile Include="External Libs\imGUI\GraphEditor.cpp">
      <Filter>Source Files\imGUI</Filter>
    </ClCompile>
    <ClCompile Include="External Libs\imGUI\ImCurveEdit.cpp">
      <Filter>Source Files\imGUI</Filter>
    </ClCompile>
    <ClCompile Include="External Libs\imGUI\ImGradient.cpp">
      <Filter>Source Files\imGUI</Filter>
    </ClCompile>
    <ClCompile Include="src\source\Engine Core\GBuffer.cpp">
      <Filter>Source Files</Filter>
    </ClCompile>
    <ClCompile Include="src\source\Engine Core\Skybox.cpp">
      <Filter>Source Files</Filter>
    </ClCompile>
    <ClCompile Include="src\source\Scene Core\CoordinateSystem.cpp">
      <Filter>Source Files</Filter>
    </ClCompile>
    <ClCompile Include="src\source\Scene Core\Grid.cpp">
      <Filter>Source Files</Filter>
    </ClCompile>
    <ClCompile Include="src\source\Engine Core\MouseSelector.cpp">
      <Filter>Source Files</Filter>
    </ClCompile>
    <ClCompile Include="src\source\Engine Core\SelectionTexture.cpp">
      <Filter>Source Files</Filter>
    </ClCompile>
    <ClCompile Include="src\source\Engine Core\Shadows\CascadedShadows.cpp">
      <Filter>Source Files</Filter>
    </ClCompile>
    <ClCompile Include="src\source\Engine Core\Shadows\PointShadows.cpp">
      <Filter>Source Files</Filter>
    </ClCompile>
    <ClCompile Include="src\source\Scene Core\LightSources.cpp">
      <Filter>Source Files</Filter>
    </ClCompile>
    <ClCompile Include="src\source\Engine Core\HDR.cpp">
      <Filter>Source Files</Filter>
    </ClCompile>
    <ClCompile Include="src\source\Engine Core\Post Processing\BloomFBO.cpp">
      <Filter>Source Files</Filter>
    </ClCompile>
    <ClCompile Include="src\source\Engine Core\Post Processing\BloomRenderer.cpp">
      <Filter>Source Files</Filter>
    </ClCompile>
    <ClCompile Include="src\source\Engine Core\Post Processing\SSAO.cpp">
      <Filter>Source Files</Filter>
    </ClCompile>
    <ClCompile Include="src\source\Engine Core\Particle System\Particle.cpp">
      <Filter>Source Files</Filter>
    </ClCompile>
    <ClCompile Include="src\source\Engine Core\Particle System\ParticleTexture.cpp">
      <Filter>Source Files</Filter>
    </ClCompile>
    <ClCompile Include="src\source\Engine Core\Particle System\ParticleMaster.cpp">
      <Filter>Source Files</Filter>
    </ClCompile>
    <ClCompile Include="src\source\Engine Core\Particle System\ParticleRenderer.cpp">
      <Filter>Source Files</Filter>
    </ClCompile>
    <ClCompile Include="src\source\Engine Core\Particle System\ParticleSystem.cpp">
      <Filter>Source Files</Filter>
    </ClCompile>
  </ItemGroup>
  <ItemGroup>
    <ClInclude Include="src\headers\Engine Core\Window.h">
      <Filter>Header Files</Filter>
    </ClInclude>
    <ClInclude Include="src\headers\Engine Core\Camera.h">
      <Filter>Header Files</Filter>
    </ClInclude>
    <ClInclude Include="src\headers\Core Includes\Core.h">
      <Filter>Header Files</Filter>
    </ClInclude>
    <ClInclude Include="src\headers\Core Includes\GLM_Core.h">
      <Filter>Header Files</Filter>
    </ClInclude>
    <ClInclude Include="src\headers\Core Includes\GL_Core.h">
      <Filter>Header Files</Filter>
    </ClInclude>
    <ClInclude Include="src\headers\Application\Application.h">
      <Filter>Header Files</Filter>
    </ClInclude>
    <ClInclude Include="src\headers\Engine Core\Mesh\Geometry\Icosphere.h">
      <Filter>Header Files</Filter>
    </ClInclude>
    <ClInclude Include="src\headers\Engine Core\Mesh\Geometry\Cube.h">
      <Filter>Header Files</Filter>
    </ClInclude>
    <ClInclude Include="src\headers\Engine Core\Mesh\Geometry\UVSphere.h">
      <Filter>Header Files</Filter>
    </ClInclude>
    <ClInclude Include="src\headers\Engine Core\Mesh\Geometry\Line.h">
      <Filter>Header Files</Filter>
    </ClInclude>
    <ClInclude Include="src\headers\Engine Core\Mesh\Mesh.h">
      <Filter>Header Files</Filter>
    </ClInclude>
    <ClInclude Include="src\headers\Engine Core\Texture.h">
      <Filter>Header Files</Filter>
    </ClInclude>
    <ClInclude Include="src\headers\Engine Core\Shader.h">
      <Filter>Header Files</Filter>
    </ClInclude>
    <ClInclude Include="src\headers\Engine Core\Mesh\Model.h">
      <Filter>Header Files</Filter>
    </ClInclude>
    <ClInclude Include="src\headers\Engine Core\Mesh\Terrain\Terrain.h">
      <Filter>Header Files</Filter>
    </ClInclude>
    <ClInclude Include="src\headers\Engine Core\Mesh\Terrain\PerlinNoise.h">
      <Filter>Header Files</Filter>
    </ClInclude>
    <ClInclude Include="src\headers\Engine Core\Entity\ECS.h">
      <Filter>Header Files</Filter>
    </ClInclude>
    <ClInclude Include="src\headers\Engine Core\Entity\Transform.h">
      <Filter>Header Files</Filter>
    </ClInclude>
    <ClInclude Include="src\headers\Engine Core\Entity\BoundingVolume.h">
      <Filter>Header Files</Filter>
    </ClInclude>
    <ClInclude Include="src\headers\Engine Core\Overlay.h">
      <Filter>Header Files</Filter>
    </ClInclude>
    <ClInclude Include="src\headers\Engine Core\Mesh\Geometry\Quad.h">
      <Filter>Header Files</Filter>
    </ClInclude>
    <ClInclude Include="External Libs\imGUI\imconfig.h">
      <Filter>Header Files\imGUI</Filter>
    </ClInclude>
    <ClInclude Include="External Libs\imGUI\ImCurveEdit.h">
      <Filter>Header Files\imGUI</Filter>
    </ClInclude>
    <ClInclude Include="External Libs\imGUI\ImGradient.h">
      <Filter>Header Files\imGUI</Filter>
    </ClInclude>
    <ClInclude Include="External Libs\imGUI\imgui.h">
      <Filter>Header Files\imGUI</Filter>
    </ClInclude>
    <ClInclude Include="External Libs\imGUI\imgui_impl_glfw.h">
      <Filter>Header Files\imGUI</Filter>
    </ClInclude>
    <ClInclude Include="External Libs\imGUI\imgui_impl_opengl3.h">
      <Filter>Header Files\imGUI</Filter>
    </ClInclude>
    <ClInclude Include="External Libs\imGUI\imgui_impl_opengl3_loader.h">
      <Filter>Header Files\imGUI</Filter>
    </ClInclude>
    <ClInclude Include="External Libs\imGUI\imgui_internal.h">
      <Filter>Header Files\imGUI</Filter>
    </ClInclude>
    <ClInclude Include="External Libs\imGUI\ImGuizmo.h">
      <Filter>Header Files\imGUI</Filter>
    </ClInclude>
    <ClInclude Include="External Libs\imGUI\ImSequencer.h">
      <Filter>Header Files\imGUI</Filter>
    </ClInclude>
    <ClInclude Include="External Libs\imGUI\imstb_rectpack.h">
      <Filter>Header Files\imGUI</Filter>
    </ClInclude>
    <ClInclude Include="External Libs\imGUI\imstb_textedit.h">
      <Filter>Header Files\imGUI</Filter>
    </ClInclude>
    <ClInclude Include="External Libs\imGUI\imstb_truetype.h">
      <Filter>Header Files\imGUI</Filter>
    </ClInclude>
    <ClInclude Include="External Libs\imGUI\ImZoomSlider.h">
      <Filter>Header Files\imGUI</Filter>
    </ClInclude>
    <ClInclude Include="External Libs\imGUI\GraphEditor.h">
      <Filter>Header Files\imGUI</Filter>
    </ClInclude>
    <ClInclude Include="src\headers\Engine Core\Lights\Light.h">
      <Filter>Header Files</Filter>
    </ClInclude>
    <ClInclude Include="src\headers\Engine Core\Lights\DirectionalLight.h">
      <Filter>Header Files</Filter>
    </ClInclude>
    <ClInclude Include="src\headers\Engine Core\Lights\PointLight.h">
      <Filter>Header Files</Filter>
    </ClInclude>
    <ClInclude Include="src\headers\Engine Core\Lights\SpotLight.h">
      <Filter>Header Files</Filter>
    </ClInclude>
    <ClInclude Include="src\headers\Engine Core\GBuffer.h">
      <Filter>Header Files</Filter>
    </ClInclude>
    <ClInclude Include="src\headers\Engine Core\Skybox.h">
      <Filter>Header Files</Filter>
    </ClInclude>
    <ClInclude Include="src\headers\Scene Core\CoordinateSystem.h">
      <Filter>Header Files</Filter>
    </ClInclude>
    <ClInclude Include="src\headers\Scene Core\Grid.h">
      <Filter>Header Files</Filter>
    </ClInclude>
    <ClInclude Include="src\headers\Engine Core\MouseSelector.h">
      <Filter>Header Files</Filter>
    </ClInclude>
    <ClInclude Include="src\headers\Engine Core\SelectionTexture.h">
      <Filter>Header Files</Filter>
    </ClInclude>
    <ClInclude Include="src\headers\Engine Core\Shadows\CascadedShadows.h">
      <Filter>Header Files</Filter>
    </ClInclude>
    <ClInclude Include="src\headers\Engine Core\Shadows\PointShadows.h">
      <Filter>Header Files</Filter>
    </ClInclude>
    <ClInclude Include="src\headers\Scene Core\LightSources.h">
      <Filter>Header Files</Filter>
    </ClInclude>
    <ClInclude Include="src\headers\Engine Core\HDR.h">
      <Filter>Header Files</Filter>
    </ClInclude>
    <ClInclude Include="src\headers\Engine Core\Post Processing\BloomFBO.h">
      <Filter>Header Files</Filter>
    </ClInclude>
    <ClInclude Include="src\headers\Engine Core\Post Processing\BloomRenderer.h">
      <Filter>Header Files</Filter>
    </ClInclude>
    <ClInclude Include="src\headers\Engine Core\Post Processing\SSAO.h">
      <Filter>Header Files</Filter>
    </ClInclude>
    <ClInclude Include="src\headers\Engine Core\Particle System\Particle.h">
      <Filter>Header Files</Filter>
    </ClInclude>
    <ClInclude Include="src\headers\Engine Core\Particle System\ParticleMaster.h">
      <Filter>Header Files</Filter>
    </ClInclude>
    <ClInclude Include="src\headers\Engine Core\Particle System\ParticleRenderer.h">
      <Filter>Header Files</Filter>
    </ClInclude>
    <ClInclude Include="src\headers\Engine Core\Particle System\ParticleTexture.h">
      <Filter>Header Files</Filter>
    </ClInclude>
    <ClInclude Include="src\headers\Engine Core\Particle System\ParticleSystem.h">
      <Filter>Header Files</Filter>
    </ClInclude>
  </ItemGroup>
</Project>